
Microsoft Visual Studio Solution File, Format Version 12.00
# Visual Studio Version 16
VisualStudioVersion = 16.0.31605.320
MinimumVisualStudioVersion = 10.0.40219.1
Project("{FAE04EC0-301F-11D3-BF4B-00C04F79EFBC}") = "BookLibraryApp5.0", "BookLibraryApp5.0\BookLibraryApp5.0.csproj", "{A9A63B2C-FEF5-4CFC-904D-F895F2E6F9BA}"
EndProject
Global
	GlobalSection(SolutionConfigurationPlatforms) = preSolution
		Debug|Any CPU = Debug|Any CPU
		Release|Any CPU = Release|Any CPU
	EndGlobalSection
	GlobalSection(ProjectConfigurationPlatforms) = postSolution
		{A9A63B2C-FEF5-4CFC-904D-F895F2E6F9BA}.Debug|Any CPU.ActiveCfg = Debug|Any CPU
		{A9A63B2C-FEF5-4CFC-904D-F895F2E6F9BA}.Debug|Any CPU.Build.0 = Debug|Any CPU
		{A9A63B2C-FEF5-4CFC-904D-F895F2E6F9BA}.Release|Any CPU.ActiveCfg = Release|Any CPU
		{A9A63B2C-FEF5-4CFC-904D-F895F2E6F9BA}.Release|Any CPU.Build.0 = Release|Any CPU
	EndGlobalSection
	GlobalSection(SolutionProperties) = preSolution
		HideSolutionNode = FALSE
	EndGlobalSection
	GlobalSection(ExtensibilityGlobals) = postSolution
		SolutionGuid = {41FCA5F4-0B82-4324-884E-6D790CD97496}
	EndGlobalSection
EndGlobal
